// !$*UTF8*$!
{
	archiveVersion = 1;
	classes = {
	};
	objectVersion = 56;
	objects = {

/* Begin PBXBuildFile section */
		08A8ECA72AF392E600F8C932 /* Linh_Kiem_Cuu_Thien_H5App.swift in Sources */ = {isa = PBXBuildFile; fileRef = 08A8ECA62AF392E600F8C932 /* Linh_Kiem_Cuu_Thien_H5App.swift */; };
		08A8ECA92AF392E600F8C932 /* ContentView.swift in Sources */ = {isa = PBXBuildFile; fileRef = 08A8ECA82AF392E600F8C932 /* ContentView.swift */; };
		08A8ECAB2AF392E800F8C932 /* Assets.xcassets in Resources */ = {isa = PBXBuildFile; fileRef = 08A8ECAA2AF392E800F8C932 /* Assets.xcassets */; };
		08A8ECAE2AF392E800F8C932 /* Preview Assets.xcassets in Resources */ = {isa = PBXBuildFile; fileRef = 08A8ECAD2AF392E800F8C932 /* Preview Assets.xcassets */; };
		08E684122AF4134200F07A06 /* WebView.swift in Sources */ = {isa = PBXBuildFile; fileRef = 08E684112AF4134200F07A06 /* WebView.swift */; };
/* End PBXBuildFile section */

/* Begin PBXFileReference section */
		08A8ECA32AF392E600F8C932 /* Linh Kiem Cuu Thien H5.app */ = {isa = PBXFileReference; explicitFileType = wrapper.application; includeInIndex = 0; path = "Linh Kiem Cuu Thien H5.app"; sourceTree = BUILT_PRODUCTS_DIR; };
		08A8ECA62AF392E600F8C932 /* Linh_Kiem_Cuu_Thien_H5App.swift */ = {isa = PBXFileReference; lastKnownFileType = sourcecode.swift; path = Linh_Kiem_Cuu_Thien_H5App.swift; sourceTree = "<group>"; };
		08A8ECA82AF392E600F8C932 /* ContentView.swift */ = {isa = PBXFileReference; lastKnownFileType = sourcecode.swift; path = ContentView.swift; sourceTree = "<group>"; };
		08A8ECAA2AF392E800F8C932 /* Assets.xcassets */ = {isa = PBXFileReference; lastKnownFileType = folder.assetcatalog; path = Assets.xcassets; sourceTree = "<group>"; };
		08A8ECAD2AF392E800F8C932 /* Preview Assets.xcassets */ = {isa = PBXFileReference; lastKnownFileType = folder.assetcatalog; path = "Preview Assets.xcassets"; sourceTree = "<group>"; };
		08E684102AF411AA00F07A06 /* Linh-Kiem-Cuu-Thien-H5-Info.plist */ = {isa = PBXFileReference; lastKnownFileType = text.plist; path = "Linh-Kiem-Cuu-Thien-H5-Info.plist"; sourceTree = SOURCE_ROOT; };
		08E684112AF4134200F07A06 /* WebView.swift */ = {isa = PBXFileReference; lastKnownFileType = sourcecode.swift; path = WebView.swift; sourceTree = "<group>"; };
/* End PBXFileReference section */

/* Begin PBXFrameworksBuildPhase section */
		08A8ECA02AF392E600F8C932 /* Frameworks */ = {
			isa = PBXFrameworksBuildPhase;
			buildActionMask = 2147483647;
			files = (
			);
			runOnlyForDeploymentPostprocessing = 0;
		};
/* End PBXFrameworksBuildPhase section */

/* Begin PBXGroup section */
		08A8EC9A2AF392E600F8C932 = {
			isa = PBXGroup;
			children = (
				08A8ECA52AF392E600F8C932 /* Linh Kiem Cuu Thien H5 */,
				08A8ECA42AF392E600F8C932 /* Products */,
			);
			sourceTree = "<group>";
		};
		08A8ECA42AF392E600F8C932 /* Products */ = {
			isa = PBXGroup;
			children = (
				08A8ECA32AF392E600F8C932 /* Linh Kiem Cuu Thien H5.app */,
			);
			name = Products;
			sourceTree = "<group>";
		};
		08A8ECA52AF392E600F8C932 /* Linh Kiem Cuu Thien H5 */ = {
			isa = PBXGroup;
			children = (
				08E684102AF411AA00F07A06 /* Linh-Kiem-Cuu-Thien-H5-Info.plist */,
				08A8ECA62AF392E600F8C932 /* Linh_Kiem_Cuu_Thien_H5App.swift */,
				08A8ECA82AF392E600F8C932 /* ContentView.swift */,
				08E684112AF4134200F07A06 /* WebView.swift */,
				08A8ECAA2AF392E800F8C932 /* Assets.xcassets */,
				08A8ECAC2AF392E800F8C932 /* Preview Content */,
			);
			path = "Linh Kiem Cuu Thien H5";
			sourceTree = "<group>";
		};
		08A8ECAC2AF392E800F8C932 /* Preview Content */ = {
			isa = PBXGroup;
			children = (
				08A8ECAD2AF392E800F8C932 /* Preview Assets.xcassets */,
			);
			path = "Preview Content";
			sourceTree = "<group>";
		};
/* End PBXGroup section */

/* Begin PBXNativeTarget section */
		08A8ECA22AF392E600F8C932 /* Linh Kiem Cuu Thien H5 */ = {
			isa = PBXNativeTarget;
			buildConfigurationList = 08A8ECB12AF392E800F8C932 /* Build configuration list for PBXNativeTarget "Linh Kiem Cuu Thien H5" */;
			buildPhases = (
				08A8EC9F2AF392E600F8C932 /* Sources */,
				08A8ECA02AF392E600F8C932 /* Frameworks */,
				08A8ECA12AF392E600F8C932 /* Resources */,
			);
			buildRules = (
			);
			dependencies = (
			);
			name = "Linh Kiem Cuu Thien H5";
			productName = "Linh Kiem Cuu Thien H5";
			productReference = 08A8ECA32AF392E600F8C932 /* Linh Kiem Cuu Thien H5.app */;
			productType = "com.apple.product-type.application";
		};
/* End PBXNativeTarget section */

/* Begin PBXProject section */
		08A8EC9B2AF392E600F8C932 /* Project object */ = {
			isa = PBXProject;
			attributes = {
				BuildIndependentTargetsInParallel = 1;
				LastSwiftUpdateCheck = 1420;
				LastUpgradeCheck = 1420;
				ORGANIZATIONNAME = com.thousandkg;
				TargetAttributes = {
					08A8ECA22AF392E600F8C932 = {
						CreatedOnToolsVersion = 14.2;
					};
				};
			};
			buildConfigurationList = 08A8EC9E2AF392E600F8C932 /* Build configuration list for PBXProject "Linh Kiem Cuu Thien H5" */;
			compatibilityVersion = "Xcode 14.0";
			developmentRegion = en;
			hasScannedForEncodings = 0;
			knownRegions = (
				en,
				Base,
			);
			mainGroup = 08A8EC9A2AF392E600F8C932;
			productRefGroup = 08A8ECA42AF392E600F8C932 /* Products */;
			projectDirPath = "";
			projectRoot = "";
			targets = (
				08A8ECA22AF392E600F8C932 /* Linh Kiem Cuu Thien H5 */,
			);
		};
/* End PBXProject section */

/* Begin PBXResourcesBuildPhase section */
		08A8ECA12AF392E600F8C932 /* Resources */ = {
			isa = PBXResourcesBuildPhase;
			buildActionMask = 2147483647;
			files = (
				08A8ECAE2AF392E800F8C932 /* Preview Assets.xcassets in Resources */,
				08A8ECAB2AF392E800F8C932 /* Assets.xcassets in Resources */,
			);
			runOnlyForDeploymentPostprocessing = 0;
		};
/* End PBXResourcesBuildPhase section */

/* Begin PBXSourcesBuildPhase section */
		08A8EC9F2AF392E600F8C932 /* Sources */ = {
			isa = PBXSourcesBuildPhase;
			buildActionMask = 2147483647;
			files = (
				08E684122AF4134200F07A06 /* WebView.swift in Sources */,
				08A8ECA92AF392E600F8C932 /* ContentView.swift in Sources */,
				08A8ECA72AF392E600F8C932 /* Linh_Kiem_Cuu_Thien_H5App.swift in Sources */,
			);
			runOnlyForDeploymentPostprocessing = 0;
		};
/* End PBXSourcesBuildPhase section */

/* Begin XCBuildConfiguration section */
		08A8ECAF2AF392E800F8C932 /* Debug */ = {
			isa = XCBuildConfiguration;
			buildSettings = {
				ALWAYS_SEARCH_USER_PATHS = NO;
				CLANG_ANALYZER_NONNULL = YES;
				CLANG_ANALYZER_NUMBER_OBJECT_CONVERSION = YES_AGGRESSIVE;
				CLANG_CXX_LANGUAGE_STANDARD = "gnu++20";
				CLANG_ENABLE_MODULES = YES;
				CLANG_ENABLE_OBJC_ARC = YES;
				CLANG_ENABLE_OBJC_WEAK = YES;
				CLANG_WARN_BLOCK_CAPTURE_AUTORELEASING = YES;
				CLANG_WARN_BOOL_CONVERSION = YES;
				CLANG_WARN_COMMA = YES;
				CLANG_WARN_CONSTANT_CONVERSION = YES;
				CLANG_WARN_DEPRECATED_OBJC_IMPLEMENTATIONS = YES;
				CLANG_WARN_DIRECT_OBJC_ISA_USAGE = YES_ERROR;
				CLANG_WARN_DOCUMENTATION_COMMENTS = YES;
				CLANG_WARN_EMPTY_BODY = YES;
				CLANG_WARN_ENUM_CONVERSION = YES;
				CLANG_WARN_INFINITE_RECURSION = YES;
				CLANG_WARN_INT_CONVERSION = YES;
				CLANG_WARN_NON_LITERAL_NULL_CONVERSION = YES;
				CLANG_WARN_OBJC_IMPLICIT_RETAIN_SELF = YES;
				CLANG_WARN_OBJC_LITERAL_CONVERSION = YES;
				CLANG_WARN_OBJC_ROOT_CLASS = YES_ERROR;
				CLANG_WARN_QUOTED_INCLUDE_IN_FRAMEWORK_HEADER = YES;
				CLANG_WARN_RANGE_LOOP_ANALYSIS = YES;
				CLANG_WARN_STRICT_PROTOTYPES = YES;
				CLANG_WARN_SUSPICIOUS_MOVE = YES;
				CLANG_WARN_UNGUARDED_AVAILABILITY = YES_AGGRESSIVE;
				CLANG_WARN_UNREACHABLE_CODE = YES;
				CLANG_WARN__DUPLICATE_METHOD_MATCH = YES;
				COPY_PHASE_STRIP = NO;
				DEBUG_INFORMATION_FORMAT = dwarf;
				ENABLE_STRICT_OBJC_MSGSEND = YES;
				ENABLE_TESTABILITY = YES;
				GCC_C_LANGUAGE_STANDARD = gnu11;
				GCC_DYNAMIC_NO_PIC = NO;
				GCC_NO_COMMON_BLOCKS = YES;
				GCC_OPTIMIZATION_LEVEL = 0;
				GCC_PREPROCESSOR_DEFINITIONS = (
					"DEBUG=1",
					"$(inherited)",
				);
				GCC_WARN_64_TO_32_BIT_CONVERSION = YES;
				GCC_WARN_ABOUT_RETURN_TYPE = YES_ERROR;
				GCC_WARN_UNDECLARED_SELECTOR = YES;
				GCC_WARN_UNINITIALIZED_AUTOS = YES_AGGRESSIVE;
				GCC_WARN_UNUSED_FUNCTION = YES;
				GCC_WARN_UNUSED_VARIABLE = YES;
				IPHONEOS_DEPLOYMENT_TARGET = 14.0;
				MTL_ENABLE_DEBUG_INFO = INCLUDE_SOURCE;
				MTL_FAST_MATH = YES;
				ONLY_ACTIVE_ARCH = YES;
				SDKROOT = iphoneos;
				SWIFT_ACTIVE_COMPILATION_CONDITIONS = DEBUG;
				SWIFT_OPTIMIZATION_LEVEL = "-Onone";
				SWIFT_VERSION = 5.0;
			};
			name = Debug;
		};
		08A8ECB02AF392E800F8C932 /* Release */ = {
			isa = XCBuildConfiguration;
			buildSettings = {
				ALWAYS_SEARCH_USER_PATHS = NO;
				CLANG_ANALYZER_NONNULL = YES;
				CLANG_ANALYZER_NUMBER_OBJECT_CONVERSION = YES_AGGRESSIVE;
				CLANG_CXX_LANGUAGE_STANDARD = "gnu++20";
				CLANG_ENABLE_MODULES = YES;
				CLANG_ENABLE_OBJC_ARC = YES;
				CLANG_ENABLE_OBJC_WEAK = YES;
				CLANG_WARN_BLOCK_CAPTURE_AUTORELEASING = YES;
				CLANG_WARN_BOOL_CONVERSION = YES;
				CLANG_WARN_COMMA = YES;
				CLANG_WARN_CONSTANT_CONVERSION = YES;
				CLANG_WARN_DEPRECATED_OBJC_IMPLEMENTATIONS = YES;
				CLANG_WARN_DIRECT_OBJC_ISA_USAGE = YES_ERROR;
				CLANG_WARN_DOCUMENTATION_COMMENTS = YES;
				CLANG_WARN_EMPTY_BODY = YES;
				CLANG_WARN_ENUM_CONVERSION = YES;
				CLANG_WARN_INFINITE_RECURSION = YES;
				CLANG_WARN_INT_CONVERSION = YES;
				CLANG_WARN_NON_LITERAL_NULL_CONVERSION = YES;
				CLANG_WARN_OBJC_IMPLICIT_RETAIN_SELF = YES;
				CLANG_WARN_OBJC_LITERAL_CONVERSION = YES;
				CLANG_WARN_OBJC_ROOT_CLASS = YES_ERROR;
				CLANG_WARN_QUOTED_INCLUDE_IN_FRAMEWORK_HEADER = YES;
				CLANG_WARN_RANGE_LOOP_ANALYSIS = YES;
				CLANG_WARN_STRICT_PROTOTYPES = YES;
				CLANG_WARN_SUSPICIOUS_MOVE = YES;
				CLANG_WARN_UNGUARDED_AVAILABILITY = YES_AGGRESSIVE;
				CLANG_WARN_UNREACHABLE_CODE = YES;
				CLANG_WARN__DUPLICATE_METHOD_MATCH = YES;
				COPY_PHASE_STRIP = NO;
				DEBUG_INFORMATION_FORMAT = "dwarf-with-dsym";
				ENABLE_NS_ASSERTIONS = NO;
				ENABLE_STRICT_OBJC_MSGSEND = YES;
				GCC_C_LANGUAGE_STANDARD = gnu11;
				GCC_NO_COMMON_BLOCKS = YES;
				GCC_WARN_64_TO_32_BIT_CONVERSION = YES;
				GCC_WARN_ABOUT_RETURN_TYPE = YES_ERROR;
				GCC_WARN_UNDECLARED_SELECTOR = YES;
				GCC_WARN_UNINITIALIZED_AUTOS = YES_AGGRESSIVE;
				GCC_WARN_UNUSED_FUNCTION = YES;
				GCC_WARN_UNUSED_VARIABLE = YES;
				IPHONEOS_DEPLOYMENT_TARGET = 14.0;
				MTL_ENABLE_DEBUG_INFO = NO;
				MTL_FAST_MATH = YES;
				SDKROOT = iphoneos;
				SWIFT_COMPILATION_MODE = wholemodule;
				SWIFT_OPTIMIZATION_LEVEL = "-O";
				SWIFT_VERSION = 5.0;
				VALIDATE_PRODUCT = YES;
			};
			name = Release;
		};
		08A8ECB22AF392E800F8C932 /* Debug */ = {
			isa = XCBuildConfiguration;
			buildSettings = {
				ASSETCATALOG_COMPILER_APPICON_NAME = AppIcon;
				ASSETCATALOG_COMPILER_GLOBAL_ACCENT_COLOR_NAME = AccentColor;
				ASSETCATALOG_COMPILER_INCLUDE_ALL_APPICON_ASSETS = YES;
				CODE_SIGN_STYLE = Automatic;
				CURRENT_PROJECT_VERSION = 2;
				DEVELOPMENT_ASSET_PATHS = "\"Linh Kiem Cuu Thien H5/Preview Content\"";
				DEVELOPMENT_TEAM = 4W7HG23RQX;
				ENABLE_PREVIEWS = YES;
				GENERATE_INFOPLIST_FILE = YES;
				INFOPLIST_FILE = "Linh-Kiem-Cuu-Thien-H5-Info.plist";
				INFOPLIST_KEY_CFBundleDisplayName = "Linh Kiếm H5";
				INFOPLIST_KEY_LSApplicationCategoryType = "public.app-category.games";
				INFOPLIST_KEY_UIApplicationSceneManifest_Generation = YES;
				INFOPLIST_KEY_UIApplicationSupportsIndirectInputEvents = YES;
				INFOPLIST_KEY_UILaunchScreen_Generation = YES;
				INFOPLIST_KEY_UIRequiresFullScreen = YES;
				INFOPLIST_KEY_UIStatusBarHidden = YES;
				INFOPLIST_KEY_UIStatusBarStyle = UIStatusBarStyleLightContent;
				INFOPLIST_KEY_UISupportedInterfaceOrientations_iPad = "UIInterfaceOrientationPortrait UIInterfaceOrientationPortraitUpsideDown UIInterfaceOrientationLandscapeLeft UIInterfaceOrientationLandscapeRight";
				INFOPLIST_KEY_UISupportedInterfaceOrientations_iPhone = "UIInterfaceOrientationPortrait UIInterfaceOrientationLandscapeLeft UIInterfaceOrientationLandscapeRight";
				IPHONEOS_DEPLOYMENT_TARGET = 14.0;
				LD_RUNPATH_SEARCH_PATHS = (
					"$(inherited)",
					"@executable_path/Frameworks",
				);
				MARKETING_VERSION = 1.3.1;
				PRODUCT_BUNDLE_IDENTIFIER = "com.thousandkg.Linh-Kiem-Cuu-Thien-H5";
				PRODUCT_NAME = "$(TARGET_NAME)";
				SWIFT_EMIT_LOC_STRINGS = YES;
				SWIFT_VERSION = 5.0;
				TARGETED_DEVICE_FAMILY = "1,2";
			};
			name = Debug;
		};
		08A8ECB32AF392E800F8C932 /* Release */ = {
			isa = XCBuildConfiguration;
			buildSettings = {
				ASSETCATALOG_COMPILER_APPICON_NAME = AppIcon;
				ASSETCATALOG_COMPILER_GLOBAL_ACCENT_COLOR_NAME = AccentColor;
				ASSETCATALOG_COMPILER_INCLUDE_ALL_APPICON_ASSETS = YES;
				CODE_SIGN_STYLE = Automatic;
				CURRENT_PROJECT_VERSION = 2;
				DEVELOPMENT_ASSET_PATHS = "\"Linh Kiem Cuu Thien H5/Preview Content\"";
				DEVELOPMENT_TEAM = 4W7HG23RQX;
				ENABLE_PREVIEWS = YES;
				GENERATE_INFOPLIST_FILE = YES;
				INFOPLIST_FILE = "Linh-Kiem-Cuu-Thien-H5-Info.plist";
				INFOPLIST_KEY_CFBundleDisplayName = "Linh Kiếm H5";
				INFOPLIST_KEY_LSApplicationCategoryType = "public.app-category.games";
				INFOPLIST_KEY_UIApplicationSceneManifest_Generation = YES;
				INFOPLIST_KEY_UIApplicationSupportsIndirectInputEvents = YES;
				INFOPLIST_KEY_UILaunchScreen_Generation = YES;
				INFOPLIST_KEY_UIRequiresFullScreen = YES;
				INFOPLIST_KEY_UIStatusBarHidden = YES;
				INFOPLIST_KEY_UIStatusBarStyle = UIStatusBarStyleLightContent;
				INFOPLIST_KEY_UISupportedInterfaceOrientations_iPad = "UIInterfaceOrientationPortrait UIInterfaceOrientationPortraitUpsideDown UIInterfaceOrientationLandscapeLeft UIInterfaceOrientationLandscapeRight";
				INFOPLIST_KEY_UISupportedInterfaceOrientations_iPhone = "UIInterfaceOrientationPortrait UIInterfaceOrientationLandscapeLeft UIInterfaceOrientationLandscapeRight";
				IPHONEOS_DEPLOYMENT_TARGET = 14.0;
				LD_RUNPATH_SEARCH_PATHS = (
					"$(inherited)",
					"@executable_path/Frameworks",
				);
				MARKETING_VERSION = 1.3.1;
				PRODUCT_BUNDLE_IDENTIFIER = "com.thousandkg.Linh-Kiem-Cuu-Thien-H5";
				PRODUCT_NAME = "$(TARGET_NAME)";
				SWIFT_EMIT_LOC_STRINGS = YES;
				SWIFT_VERSION = 5.0;
				TARGETED_DEVICE_FAMILY = "1,2";
			};
			name = Release;
		};
/* End XCBuildConfiguration section */

/* Begin XCConfigurationList section */
		08A8EC9E2AF392E600F8C932 /* Build configuration list for PBXProject "Linh Kiem Cuu Thien H5" */ = {
			isa = XCConfigurationList;
			buildConfigurations = (
				08A8ECAF2AF392E800F8C932 /* Debug */,
				08A8ECB02AF392E800F8C932 /* Release */,
			);
			defaultConfigurationIsVisible = 0;
			defaultConfigurationName = Release;
		};
		08A8ECB12AF392E800F8C932 /* Build configuration list for PBXNativeTarget "Linh Kiem Cuu Thien H5" */ = {
			isa = XCConfigurationList;
			buildConfigurations = (
				08A8ECB22AF392E800F8C932 /* Debug */,
				08A8ECB32AF392E800F8C932 /* Release */,
			);
			defaultConfigurationIsVisible = 0;
			defaultConfigurationName = Release;
		};
/* End XCConfigurationList section */
	};
	rootObject = 08A8EC9B2AF392E600F8C932 /* Project object */;
}
